
Microsoft Visual Studio Solution File, Format Version 12.00
# Visual Studio 15
VisualStudioVersion = 15.0.27004.2005
MinimumVisualStudioVersion = 10.0.40219.1
Project("{FAE04EC0-301F-11D3-BF4B-00C04F79EFBC}") = "CircleHeatmapAnalysis", "CircleHeatmapAnalysis\CircleHeatmapAnalysis.csproj", "{09ACDCE4-9D77-4339-AA7D-FC5031AC61A3}"
EndProject
Project("{FAE04EC0-301F-11D3-BF4B-00C04F79EFBC}") = "MapGenerator", "MapGenerator\MapGenerator.csproj", "{3019BE51-F05F-42B1-B932-926028AC47CA}"
EndProject
Global
	GlobalSection(SolutionConfigurationPlatforms) = preSolution
		Debug|Any CPU = Debug|Any CPU
		Release|Any CPU = Release|Any CPU
	EndGlobalSection
	GlobalSection(ProjectConfigurationPlatforms) = postSolution
		{09ACDCE4-9D77-4339-AA7D-FC5031AC61A3}.Debug|Any CPU.ActiveCfg = Debug|Any CPU
		{09ACDCE4-9D77-4339-AA7D-FC5031AC61A3}.Debug|Any CPU.Build.0 = Debug|Any CPU
		{09ACDCE4-9D77-4339-AA7D-FC5031AC61A3}.Release|Any CPU.ActiveCfg = Release|Any CPU
		{09ACDCE4-9D77-4339-AA7D-FC5031AC61A3}.Release|Any CPU.Build.0 = Release|Any CPU
		{3019BE51-F05F-42B1-B932-926028AC47CA}.Debug|Any CPU.ActiveCfg = Debug|Any CPU
		{3019BE51-F05F-42B1-B932-926028AC47CA}.Debug|Any CPU.Build.0 = Debug|Any CPU
		{3019BE51-F05F-42B1-B932-926028AC47CA}.Release|Any CPU.ActiveCfg = Release|Any CPU
		{3019BE51-F05F-42B1-B932-926028AC47CA}.Release|Any CPU.Build.0 = Release|Any CPU
	EndGlobalSection
	GlobalSection(SolutionProperties) = preSolution
		HideSolutionNode = FALSE
	EndGlobalSection
	GlobalSection(ExtensibilityGlobals) = postSolution
		SolutionGuid = {BAC97086-9CCA-42C6-B318-BE0A83F6585C}
	EndGlobalSection
EndGlobal
